
Microsoft Visual Studio Solution File, Format Version 12.00
# Visual Studio 15
VisualStudioVersion = 15.0.28010.2016
MinimumVisualStudioVersion = 10.0.40219.1
Project("{FAE04EC0-301F-11D3-BF4B-00C04F79EFBC}") = "CreditManagementTest", "CreditManagementTest\CreditManagementTest.csproj", "{7F640709-283F-460F-8E58-13D9443718D2}"
EndProject
Project("{FAE04EC0-301F-11D3-BF4B-00C04F79EFBC}") = "Launcher", "Launcher\Launcher.csproj", "{7D0FFCFD-EC0D-4723-A38A-5E235D10574F}"
EndProject
Global
	GlobalSection(SolutionConfigurationPlatforms) = preSolution
		Debug|Any CPU = Debug|Any CPU
		Release|Any CPU = Release|Any CPU
	EndGlobalSection
	GlobalSection(ProjectConfigurationPlatforms) = postSolution
		{7F640709-283F-460F-8E58-13D9443718D2}.Debug|Any CPU.ActiveCfg = Debug|Any CPU
		{7F640709-283F-460F-8E58-13D9443718D2}.Debug|Any CPU.Build.0 = Debug|Any CPU
		{7F640709-283F-460F-8E58-13D9443718D2}.Release|Any CPU.ActiveCfg = Release|Any CPU
		{7F640709-283F-460F-8E58-13D9443718D2}.Release|Any CPU.Build.0 = Release|Any CPU
		{7D0FFCFD-EC0D-4723-A38A-5E235D10574F}.Debug|Any CPU.ActiveCfg = Debug|Any CPU
		{7D0FFCFD-EC0D-4723-A38A-5E235D10574F}.Debug|Any CPU.Build.0 = Debug|Any CPU
		{7D0FFCFD-EC0D-4723-A38A-5E235D10574F}.Release|Any CPU.ActiveCfg = Release|Any CPU
		{7D0FFCFD-EC0D-4723-A38A-5E235D10574F}.Release|Any CPU.Build.0 = Release|Any CPU
	EndGlobalSection
	GlobalSection(SolutionProperties) = preSolution
		HideSolutionNode = FALSE
	EndGlobalSection
	GlobalSection(ExtensibilityGlobals) = postSolution
		SolutionGuid = {8FEBEB34-2D66-4CCC-866A-8D6D1ABF823B}
	EndGlobalSection
EndGlobal
