
Microsoft Visual Studio Solution File, Format Version 12.00
# Visual Studio 15
VisualStudioVersion = 15.0.28307.168
MinimumVisualStudioVersion = 10.0.40219.1
Project("{FAE04EC0-301F-11D3-BF4B-00C04F79EFBC}") = "Barcoin.Client", "Barcoin.Client\Barcoin.Client.csproj", "{DAE54523-5079-4C6B-A41A-E7E36625E132}"
EndProject
Project("{9A19103F-16F7-4668-BE54-9A1E7A4F7556}") = "Barcoin.Blockchain", "Barcoin.Blockchain\Barcoin.Blockchain.csproj", "{EE026870-E201-40DF-AD0E-E50FA7D8716C}"
EndProject
Project("{FAE04EC0-301F-11D3-BF4B-00C04F79EFBC}") = "Barcoin.Tests", "Barcoin.Tests\Barcoin.Tests.csproj", "{81C6FB00-D76E-4F8A-B276-F475DDC4700F}"
EndProject
Global
	GlobalSection(SolutionConfigurationPlatforms) = preSolution
		Debug|Any CPU = Debug|Any CPU
		Debug|x64 = Debug|x64
		Release|Any CPU = Release|Any CPU
		Release|x64 = Release|x64
	EndGlobalSection
	GlobalSection(ProjectConfigurationPlatforms) = postSolution
		{DAE54523-5079-4C6B-A41A-E7E36625E132}.Debug|Any CPU.ActiveCfg = Debug|Any CPU
		{DAE54523-5079-4C6B-A41A-E7E36625E132}.Debug|Any CPU.Build.0 = Debug|Any CPU
		{DAE54523-5079-4C6B-A41A-E7E36625E132}.Debug|x64.ActiveCfg = Debug|Any CPU
		{DAE54523-5079-4C6B-A41A-E7E36625E132}.Debug|x64.Build.0 = Debug|Any CPU
		{DAE54523-5079-4C6B-A41A-E7E36625E132}.Release|Any CPU.ActiveCfg = Release|Any CPU
		{DAE54523-5079-4C6B-A41A-E7E36625E132}.Release|Any CPU.Build.0 = Release|Any CPU
		{DAE54523-5079-4C6B-A41A-E7E36625E132}.Release|x64.ActiveCfg = Release|Any CPU
		{DAE54523-5079-4C6B-A41A-E7E36625E132}.Release|x64.Build.0 = Release|Any CPU
		{EE026870-E201-40DF-AD0E-E50FA7D8716C}.Debug|Any CPU.ActiveCfg = Debug|Any CPU
		{EE026870-E201-40DF-AD0E-E50FA7D8716C}.Debug|Any CPU.Build.0 = Debug|Any CPU
		{EE026870-E201-40DF-AD0E-E50FA7D8716C}.Debug|x64.ActiveCfg = Debug|Any CPU
		{EE026870-E201-40DF-AD0E-E50FA7D8716C}.Debug|x64.Build.0 = Debug|Any CPU
		{EE026870-E201-40DF-AD0E-E50FA7D8716C}.Release|Any CPU.ActiveCfg = Release|Any CPU
		{EE026870-E201-40DF-AD0E-E50FA7D8716C}.Release|Any CPU.Build.0 = Release|Any CPU
		{EE026870-E201-40DF-AD0E-E50FA7D8716C}.Release|x64.ActiveCfg = Release|Any CPU
		{EE026870-E201-40DF-AD0E-E50FA7D8716C}.Release|x64.Build.0 = Release|Any CPU
		{81C6FB00-D76E-4F8A-B276-F475DDC4700F}.Debug|Any CPU.ActiveCfg = Debug|Any CPU
		{81C6FB00-D76E-4F8A-B276-F475DDC4700F}.Debug|Any CPU.Build.0 = Debug|Any CPU
		{81C6FB00-D76E-4F8A-B276-F475DDC4700F}.Debug|x64.ActiveCfg = Debug|Any CPU
		{81C6FB00-D76E-4F8A-B276-F475DDC4700F}.Debug|x64.Build.0 = Debug|Any CPU
		{81C6FB00-D76E-4F8A-B276-F475DDC4700F}.Release|Any CPU.ActiveCfg = Release|Any CPU
		{81C6FB00-D76E-4F8A-B276-F475DDC4700F}.Release|Any CPU.Build.0 = Release|Any CPU
		{81C6FB00-D76E-4F8A-B276-F475DDC4700F}.Release|x64.ActiveCfg = Release|Any CPU
		{81C6FB00-D76E-4F8A-B276-F475DDC4700F}.Release|x64.Build.0 = Release|Any CPU
	EndGlobalSection
	GlobalSection(SolutionProperties) = preSolution
		HideSolutionNode = FALSE
	EndGlobalSection
	GlobalSection(ExtensibilityGlobals) = postSolution
		SolutionGuid = {86441006-8400-4677-B961-9DFDF9803160}
	EndGlobalSection
EndGlobal
